
Microsoft Visual Studio Solution File, Format Version 12.00
# Visual Studio Version 16
VisualStudioVersion = 16.0.29806.167
MinimumVisualStudioVersion = 10.0.40219.1
Project("{FAE04EC0-301F-11D3-BF4B-00C04F79EFBC}") = "Demo1", "Demo1\Demo1.csproj", "{4F8CFDCA-BEEB-47DA-9B33-0567D94E3BDB}"
EndProject
Project("{54435603-DBB4-11D2-8724-00A0C9A8B90C}") = "SetupDemo1", "SetupDemo1\SetupDemo1.vdproj", "{D4BB98A1-0468-4F5F-AA9F-CBCA6955E1F0}"
EndProject
Project("{9A19103F-16F7-4668-BE54-9A1E7A4F7556}") = "Demo2", "Demo2Topshelf\Demo2.csproj", "{3DA3C23D-BC39-4EF2-86EB-798F63C3AB7E}"
EndProject
Project("{9A19103F-16F7-4668-BE54-9A1E7A4F7556}") = "Demo3Worker", "Demo3Worker\Demo3Worker.csproj", "{C66A3BD6-B48D-4713-8342-E47A9440D3F2}"
EndProject
Project("{9A19103F-16F7-4668-BE54-9A1E7A4F7556}") = "Demo4", "Demo4\Demo4.csproj", "{12E6C8DD-D5EB-4210-9856-9C2853F51417}"
EndProject
Project("{9A19103F-16F7-4668-BE54-9A1E7A4F7556}") = "Demo4.Hangfire.Common", "Demo4.Hangfire.Common\Demo4.Hangfire.Common.csproj", "{EA01C779-A941-4C0A-B6C5-93A2FED07629}"
EndProject
Project("{9A19103F-16F7-4668-BE54-9A1E7A4F7556}") = "Demo4.UI", "Demo4.UI\Demo4.UI.csproj", "{537ED9A4-7A93-4C84-8943-6C6DBA32225D}"
EndProject
Global
	GlobalSection(SolutionConfigurationPlatforms) = preSolution
		Debug|Any CPU = Debug|Any CPU
		Release|Any CPU = Release|Any CPU
	EndGlobalSection
	GlobalSection(ProjectConfigurationPlatforms) = postSolution
		{4F8CFDCA-BEEB-47DA-9B33-0567D94E3BDB}.Debug|Any CPU.ActiveCfg = Debug|Any CPU
		{4F8CFDCA-BEEB-47DA-9B33-0567D94E3BDB}.Debug|Any CPU.Build.0 = Debug|Any CPU
		{4F8CFDCA-BEEB-47DA-9B33-0567D94E3BDB}.Release|Any CPU.ActiveCfg = Release|Any CPU
		{4F8CFDCA-BEEB-47DA-9B33-0567D94E3BDB}.Release|Any CPU.Build.0 = Release|Any CPU
		{D4BB98A1-0468-4F5F-AA9F-CBCA6955E1F0}.Debug|Any CPU.ActiveCfg = Debug
		{D4BB98A1-0468-4F5F-AA9F-CBCA6955E1F0}.Release|Any CPU.ActiveCfg = Release
		{3DA3C23D-BC39-4EF2-86EB-798F63C3AB7E}.Debug|Any CPU.ActiveCfg = Debug|Any CPU
		{3DA3C23D-BC39-4EF2-86EB-798F63C3AB7E}.Debug|Any CPU.Build.0 = Debug|Any CPU
		{3DA3C23D-BC39-4EF2-86EB-798F63C3AB7E}.Release|Any CPU.ActiveCfg = Release|Any CPU
		{3DA3C23D-BC39-4EF2-86EB-798F63C3AB7E}.Release|Any CPU.Build.0 = Release|Any CPU
		{C66A3BD6-B48D-4713-8342-E47A9440D3F2}.Debug|Any CPU.ActiveCfg = Debug|Any CPU
		{C66A3BD6-B48D-4713-8342-E47A9440D3F2}.Debug|Any CPU.Build.0 = Debug|Any CPU
		{C66A3BD6-B48D-4713-8342-E47A9440D3F2}.Release|Any CPU.ActiveCfg = Release|Any CPU
		{C66A3BD6-B48D-4713-8342-E47A9440D3F2}.Release|Any CPU.Build.0 = Release|Any CPU
		{12E6C8DD-D5EB-4210-9856-9C2853F51417}.Debug|Any CPU.ActiveCfg = Debug|Any CPU
		{12E6C8DD-D5EB-4210-9856-9C2853F51417}.Debug|Any CPU.Build.0 = Debug|Any CPU
		{12E6C8DD-D5EB-4210-9856-9C2853F51417}.Release|Any CPU.ActiveCfg = Release|Any CPU
		{12E6C8DD-D5EB-4210-9856-9C2853F51417}.Release|Any CPU.Build.0 = Release|Any CPU
		{EA01C779-A941-4C0A-B6C5-93A2FED07629}.Debug|Any CPU.ActiveCfg = Debug|Any CPU
		{EA01C779-A941-4C0A-B6C5-93A2FED07629}.Debug|Any CPU.Build.0 = Debug|Any CPU
		{EA01C779-A941-4C0A-B6C5-93A2FED07629}.Release|Any CPU.ActiveCfg = Release|Any CPU
		{EA01C779-A941-4C0A-B6C5-93A2FED07629}.Release|Any CPU.Build.0 = Release|Any CPU
		{537ED9A4-7A93-4C84-8943-6C6DBA32225D}.Debug|Any CPU.ActiveCfg = Debug|Any CPU
		{537ED9A4-7A93-4C84-8943-6C6DBA32225D}.Debug|Any CPU.Build.0 = Debug|Any CPU
		{537ED9A4-7A93-4C84-8943-6C6DBA32225D}.Release|Any CPU.ActiveCfg = Release|Any CPU
		{537ED9A4-7A93-4C84-8943-6C6DBA32225D}.Release|Any CPU.Build.0 = Release|Any CPU
	EndGlobalSection
	GlobalSection(SolutionProperties) = preSolution
		HideSolutionNode = FALSE
	EndGlobalSection
	GlobalSection(ExtensibilityGlobals) = postSolution
		SolutionGuid = {FE435BD4-AE3F-4193-A3E5-D0887C4B39A2}
	EndGlobalSection
EndGlobal
